// !$*UTF8*$!
{
	archiveVersion = 1;
	classes = {
	};
	objectVersion = 46;
	objects = {

/* Begin PBXBuildFile section */
		219D6B9C1732387E008C11A8 /* AudioToolbox.framework in Frameworks */ = {isa = PBXBuildFile; fileRef = 219D6B9B1732387E008C11A8 /* AudioToolbox.framework */; };
		219D6BA91732388C008C11A8 /* MUS147AQPlayer.m in Sources */ = {isa = PBXBuildFile; fileRef = 219D6B9F1732388C008C11A8 /* MUS147AQPlayer.m */; };
		219D6BAA1732388C008C11A8 /* MUS147View.m in Sources */ = {isa = PBXBuildFile; fileRef = 219D6BA11732388C008C11A8 /* MUS147View.m */; };
		219D6BAB1732388C008C11A8 /* MUS147Voice_Sample.m in Sources */ = {isa = PBXBuildFile; fileRef = 219D6BA31732388C008C11A8 /* MUS147Voice_Sample.m */; };
		219D6BAC1732388C008C11A8 /* MUS147Voice_Synth.m in Sources */ = {isa = PBXBuildFile; fileRef = 219D6BA51732388C008C11A8 /* MUS147Voice_Synth.m */; };
		219D6BAD1732388C008C11A8 /* MUS147Voice.m in Sources */ = {isa = PBXBuildFile; fileRef = 219D6BA71732388C008C11A8 /* MUS147Voice.m */; };
		219D6BAE1732388C008C11A8 /* Music147.aif in Resources */ = {isa = PBXBuildFile; fileRef = 219D6BA81732388C008C11A8 /* Music147.aif */; };
		21A4B907172C284E00E1FACA /* UIKit.framework in Frameworks */ = {isa = PBXBuildFile; fileRef = 21A4B906172C284E00E1FACA /* UIKit.framework */; };
		21A4B909172C284E00E1FACA /* Foundation.framework in Frameworks */ = {isa = PBXBuildFile; fileRef = 21A4B908172C284E00E1FACA /* Foundation.framework */; };
		21A4B90B172C284E00E1FACA /* CoreGraphics.framework in Frameworks */ = {isa = PBXBuildFile; fileRef = 21A4B90A172C284E00E1FACA /* CoreGraphics.framework */; };
		21A4B911172C284E00E1FACA /* InfoPlist.strings in Resources */ = {isa = PBXBuildFile; fileRef = 21A4B90F172C284E00E1FACA /* InfoPlist.strings */; };
		21A4B913172C284E00E1FACA /* main.m in Sources */ = {isa = PBXBuildFile; fileRef = 21A4B912172C284E00E1FACA /* main.m */; };
		21A4B917172C284E00E1FACA /* MUS147AppDelegate.m in Sources */ = {isa = PBXBuildFile; fileRef = 21A4B916172C284E00E1FACA /* MUS147AppDelegate.m */; };
		21A4B919172C284E00E1FACA /* Default.png in Resources */ = {isa = PBXBuildFile; fileRef = 21A4B918172C284E00E1FACA /* Default.png */; };
		21A4B91B172C284E00E1FACA /* Default@2x.png in Resources */ = {isa = PBXBuildFile; fileRef = 21A4B91A172C284E00E1FACA /* Default@2x.png */; };
		21A4B91D172C284E00E1FACA /* Default-568h@2x.png in Resources */ = {isa = PBXBuildFile; fileRef = 21A4B91C172C284E00E1FACA /* Default-568h@2x.png */; };
		21A4B920172C284E00E1FACA /* MUS147ViewController.m in Sources */ = {isa = PBXBuildFile; fileRef = 21A4B91F172C284E00E1FACA /* MUS147ViewController.m */; };
		21A4B923172C284E00E1FACA /* MUS147ViewController.xib in Resources */ = {isa = PBXBuildFile; fileRef = 21A4B921172C284E00E1FACA /* MUS147ViewController.xib */; };
/* End PBXBuildFile section */

/* Begin PBXFileReference section */
		219D6B9B1732387E008C11A8 /* AudioToolbox.framework */ = {isa = PBXFileReference; lastKnownFileType = wrapper.framework; name = AudioToolbox.framework; path = System/Library/Frameworks/AudioToolbox.framework; sourceTree = SDKROOT; };
		219D6B9E1732388C008C11A8 /* MUS147AQPlayer.h */ = {isa = PBXFileReference; fileEncoding = 4; lastKnownFileType = sourcecode.c.h; path = MUS147AQPlayer.h; sourceTree = "<group>"; };
		219D6B9F1732388C008C11A8 /* MUS147AQPlayer.m */ = {isa = PBXFileReference; fileEncoding = 4; lastKnownFileType = sourcecode.c.objc; path = MUS147AQPlayer.m; sourceTree = "<group>"; };
		219D6BA01732388C008C11A8 /* MUS147View.h */ = {isa = PBXFileReference; fileEncoding = 4; lastKnownFileType = sourcecode.c.h; path = MUS147View.h; sourceTree = "<group>"; };
		219D6BA11732388C008C11A8 /* MUS147View.m */ = {isa = PBXFileReference; fileEncoding = 4; lastKnownFileType = sourcecode.c.objc; path = MUS147View.m; sourceTree = "<group>"; };
		219D6BA21732388C008C11A8 /* MUS147Voice_Sample.h */ = {isa = PBXFileReference; fileEncoding = 4; lastKnownFileType = sourcecode.c.h; path = MUS147Voice_Sample.h; sourceTree = "<group>"; };
		219D6BA31732388C008C11A8 /* MUS147Voice_Sample.m */ = {isa = PBXFileReference; fileEncoding = 4; lastKnownFileType = sourcecode.c.objc; path = MUS147Voice_Sample.m; sourceTree = "<group>"; };
		219D6BA41732388C008C11A8 /* MUS147Voice_Synth.h */ = {isa = PBXFileReference; fileEncoding = 4; lastKnownFileType = sourcecode.c.h; path = MUS147Voice_Synth.h; sourceTree = "<group>"; };
		219D6BA51732388C008C11A8 /* MUS147Voice_Synth.m */ = {isa = PBXFileReference; fileEncoding = 4; lastKnownFileType = sourcecode.c.objc; path = MUS147Voice_Synth.m; sourceTree = "<group>"; };
		219D6BA61732388C008C11A8 /* MUS147Voice.h */ = {isa = PBXFileReference; fileEncoding = 4; lastKnownFileType = sourcecode.c.h; path = MUS147Voice.h; sourceTree = "<group>"; };
		219D6BA71732388C008C11A8 /* MUS147Voice.m */ = {isa = PBXFileReference; fileEncoding = 4; lastKnownFileType = sourcecode.c.objc; path = MUS147Voice.m; sourceTree = "<group>"; };
		219D6BA81732388C008C11A8 /* Music147.aif */ = {isa = PBXFileReference; lastKnownFileType = file; path = Music147.aif; sourceTree = "<group>"; };
		21A4B902172C284E00E1FACA /* ucimusic147-6.app */ = {isa = PBXFileReference; explicitFileType = wrapper.application; includeInIndex = 0; path = "ucimusic147-6.app"; sourceTree = BUILT_PRODUCTS_DIR; };
		21A4B906172C284E00E1FACA /* UIKit.framework */ = {isa = PBXFileReference; lastKnownFileType = wrapper.framework; name = UIKit.framework; path = System/Library/Frameworks/UIKit.framework; sourceTree = SDKROOT; };
		21A4B908172C284E00E1FACA /* Foundation.framework */ = {isa = PBXFileReference; lastKnownFileType = wrapper.framework; name = Foundation.framework; path = System/Library/Frameworks/Foundation.framework; sourceTree = SDKROOT; };
		21A4B90A172C284E00E1FACA /* CoreGraphics.framework */ = {isa = PBXFileReference; lastKnownFileType = wrapper.framework; name = CoreGraphics.framework; path = System/Library/Frameworks/CoreGraphics.framework; sourceTree = SDKROOT; };
		21A4B90E172C284E00E1FACA /* ucimusic147-6-Info.plist */ = {isa = PBXFileReference; lastKnownFileType = text.plist.xml; path = "ucimusic147-6-Info.plist"; sourceTree = "<group>"; };
		21A4B910172C284E00E1FACA /* en */ = {isa = PBXFileReference; lastKnownFileType = text.plist.strings; name = en; path = en.lproj/InfoPlist.strings; sourceTree = "<group>"; };
		21A4B912172C284E00E1FACA /* main.m */ = {isa = PBXFileReference; lastKnownFileType = sourcecode.c.objc; path = main.m; sourceTree = "<group>"; };
		21A4B914172C284E00E1FACA /* ucimusic147-6-Prefix.pch */ = {isa = PBXFileReference; lastKnownFileType = sourcecode.c.h; path = "ucimusic147-6-Prefix.pch"; sourceTree = "<group>"; };
		21A4B915172C284E00E1FACA /* MUS147AppDelegate.h */ = {isa = PBXFileReference; lastKnownFileType = sourcecode.c.h; path = MUS147AppDelegate.h; sourceTree = "<group>"; };
		21A4B916172C284E00E1FACA /* MUS147AppDelegate.m */ = {isa = PBXFileReference; lastKnownFileType = sourcecode.c.objc; path = MUS147AppDelegate.m; sourceTree = "<group>"; };
		21A4B918172C284E00E1FACA /* Default.png */ = {isa = PBXFileReference; lastKnownFileType = image.png; path = Default.png; sourceTree = "<group>"; };
		21A4B91A172C284E00E1FACA /* Default@2x.png */ = {isa = PBXFileReference; lastKnownFileType = image.png; path = "Default@2x.png"; sourceTree = "<group>"; };
		21A4B91C172C284E00E1FACA /* Default-568h@2x.png */ = {isa = PBXFileReference; lastKnownFileType = image.png; path = "Default-568h@2x.png"; sourceTree = "<group>"; };
		21A4B91E172C284E00E1FACA /* MUS147ViewController.h */ = {isa = PBXFileReference; lastKnownFileType = sourcecode.c.h; path = MUS147ViewController.h; sourceTree = "<group>"; };
		21A4B91F172C284E00E1FACA /* MUS147ViewController.m */ = {isa = PBXFileReference; lastKnownFileType = sourcecode.c.objc; path = MUS147ViewController.m; sourceTree = "<group>"; };
		21A4B922172C284E00E1FACA /* en */ = {isa = PBXFileReference; lastKnownFileType = file.xib; name = en; path = en.lproj/MUS147ViewController.xib; sourceTree = "<group>"; };
/* End PBXFileReference section */

/* Begin PBXFrameworksBuildPhase section */
		21A4B8FF172C284E00E1FACA /* Frameworks */ = {
			isa = PBXFrameworksBuildPhase;
			buildActionMask = 2147483647;
			files = (
				219D6B9C1732387E008C11A8 /* AudioToolbox.framework in Frameworks */,
				21A4B907172C284E00E1FACA /* UIKit.framework in Frameworks */,
				21A4B909172C284E00E1FACA /* Foundation.framework in Frameworks */,
				21A4B90B172C284E00E1FACA /* CoreGraphics.framework in Frameworks */,
			);
			runOnlyForDeploymentPostprocessing = 0;
		};
/* End PBXFrameworksBuildPhase section */

/* Begin PBXGroup section */
		21A4B8F7172C284E00E1FACA = {
			isa = PBXGroup;
			children = (
				21A4B90C172C284E00E1FACA /* ucimusic147-6 */,
				21A4B905172C284E00E1FACA /* Frameworks */,
				21A4B903172C284E00E1FACA /* Products */,
			);
			sourceTree = "<group>";
		};
		21A4B903172C284E00E1FACA /* Products */ = {
			isa = PBXGroup;
			children = (
				21A4B902172C284E00E1FACA /* ucimusic147-6.app */,
			);
			name = Products;
			sourceTree = "<group>";
		};
		21A4B905172C284E00E1FACA /* Frameworks */ = {
			isa = PBXGroup;
			children = (
				219D6B9B1732387E008C11A8 /* AudioToolbox.framework */,
				21A4B906172C284E00E1FACA /* UIKit.framework */,
				21A4B908172C284E00E1FACA /* Foundation.framework */,
				21A4B90A172C284E00E1FACA /* CoreGraphics.framework */,
			);
			name = Frameworks;
			sourceTree = "<group>";
		};
		21A4B90C172C284E00E1FACA /* ucimusic147-6 */ = {
			isa = PBXGroup;
			children = (
				21A4B915172C284E00E1FACA /* MUS147AppDelegate.h */,
				21A4B916172C284E00E1FACA /* MUS147AppDelegate.m */,
				219D6B9E1732388C008C11A8 /* MUS147AQPlayer.h */,
				219D6B9F1732388C008C11A8 /* MUS147AQPlayer.m */,
				219D6BA01732388C008C11A8 /* MUS147View.h */,
				219D6BA11732388C008C11A8 /* MUS147View.m */,
				21A4B91E172C284E00E1FACA /* MUS147ViewController.h */,
				21A4B91F172C284E00E1FACA /* MUS147ViewController.m */,
				21A4B921172C284E00E1FACA /* MUS147ViewController.xib */,
				219D6BA61732388C008C11A8 /* MUS147Voice.h */,
				219D6BA71732388C008C11A8 /* MUS147Voice.m */,
				219D6BA21732388C008C11A8 /* MUS147Voice_Sample.h */,
				219D6BA31732388C008C11A8 /* MUS147Voice_Sample.m */,
				219D6BA41732388C008C11A8 /* MUS147Voice_Synth.h */,
				219D6BA51732388C008C11A8 /* MUS147Voice_Synth.m */,
				21A4B90D172C284E00E1FACA /* Supporting Files */,
			);
			path = "ucimusic147-6";
			sourceTree = "<group>";
		};
		21A4B90D172C284E00E1FACA /* Supporting Files */ = {
			isa = PBXGroup;
			children = (
				219D6BA81732388C008C11A8 /* Music147.aif */,
				21A4B90E172C284E00E1FACA /* ucimusic147-6-Info.plist */,
				21A4B90F172C284E00E1FACA /* InfoPlist.strings */,
				21A4B912172C284E00E1FACA /* main.m */,
				21A4B914172C284E00E1FACA /* ucimusic147-6-Prefix.pch */,
				21A4B918172C284E00E1FACA /* Default.png */,
				21A4B91A172C284E00E1FACA /* Default@2x.png */,
				21A4B91C172C284E00E1FACA /* Default-568h@2x.png */,
			);
			name = "Supporting Files";
			sourceTree = "<group>";
		};
/* End PBXGroup section */

/* Begin PBXNativeTarget section */
		21A4B901172C284E00E1FACA /* ucimusic147-6 */ = {
			isa = PBXNativeTarget;
			buildConfigurationList = 21A4B926172C284E00E1FACA /* Build configuration list for PBXNativeTarget "ucimusic147-6" */;
			buildPhases = (
				21A4B8FE172C284E00E1FACA /* Sources */,
				21A4B8FF172C284E00E1FACA /* Frameworks */,
				21A4B900172C284E00E1FACA /* Resources */,
			);
			buildRules = (
			);
			dependencies = (
			);
			name = "ucimusic147-6";
			productName = "ucimusic147-6";
			productReference = 21A4B902172C284E00E1FACA /* ucimusic147-6.app */;
			productType = "com.apple.product-type.application";
		};
/* End PBXNativeTarget section */

/* Begin PBXProject section */
		21A4B8F9172C284E00E1FACA /* Project object */ = {
			isa = PBXProject;
			attributes = {
				CLASSPREFIX = MUS147;
				LastUpgradeCheck = 0450;
				ORGANIZATIONNAME = "UCI Music 147";
			};
			buildConfigurationList = 21A4B8FC172C284E00E1FACA /* Build configuration list for PBXProject "ucimusic147-6" */;
			compatibilityVersion = "Xcode 3.2";
			developmentRegion = English;
			hasScannedForEncodings = 0;
			knownRegions = (
				en,
			);
			mainGroup = 21A4B8F7172C284E00E1FACA;
			productRefGroup = 21A4B903172C284E00E1FACA /* Products */;
			projectDirPath = "";
			projectRoot = "";
			targets = (
				21A4B901172C284E00E1FACA /* ucimusic147-6 */,
			);
		};
/* End PBXProject section */

/* Begin PBXResourcesBuildPhase section */
		21A4B900172C284E00E1FACA /* Resources */ = {
			isa = PBXResourcesBuildPhase;
			buildActionMask = 2147483647;
			files = (
				21A4B911172C284E00E1FACA /* InfoPlist.strings in Resources */,
				21A4B919172C284E00E1FACA /* Default.png in Resources */,
				21A4B91B172C284E00E1FACA /* Default@2x.png in Resources */,
				21A4B91D172C284E00E1FACA /* Default-568h@2x.png in Resources */,
				21A4B923172C284E00E1FACA /* MUS147ViewController.xib in Resources */,
				219D6BAE1732388C008C11A8 /* Music147.aif in Resources */,
			);
			runOnlyForDeploymentPostprocessing = 0;
		};
/* End PBXResourcesBuildPhase section */

/* Begin PBXSourcesBuildPhase section */
		21A4B8FE172C284E00E1FACA /* Sources */ = {
			isa = PBXSourcesBuildPhase;
			buildActionMask = 2147483647;
			files = (
				21A4B913172C284E00E1FACA /* main.m in Sources */,
				21A4B917172C284E00E1FACA /* MUS147AppDelegate.m in Sources */,
				21A4B920172C284E00E1FACA /* MUS147ViewController.m in Sources */,
				219D6BA91732388C008C11A8 /* MUS147AQPlayer.m in Sources */,
				219D6BAA1732388C008C11A8 /* MUS147View.m in Sources */,
				219D6BAB1732388C008C11A8 /* MUS147Voice_Sample.m in Sources */,
				219D6BAC1732388C008C11A8 /* MUS147Voice_Synth.m in Sources */,
				219D6BAD1732388C008C11A8 /* MUS147Voice.m in Sources */,
			);
			runOnlyForDeploymentPostprocessing = 0;
		};
/* End PBXSourcesBuildPhase section */

/* Begin PBXVariantGroup section */
		21A4B90F172C284E00E1FACA /* InfoPlist.strings */ = {
			isa = PBXVariantGroup;
			children = (
				21A4B910172C284E00E1FACA /* en */,
			);
			name = InfoPlist.strings;
			sourceTree = "<group>";
		};
		21A4B921172C284E00E1FACA /* MUS147ViewController.xib */ = {
			isa = PBXVariantGroup;
			children = (
				21A4B922172C284E00E1FACA /* en */,
			);
			name = MUS147ViewController.xib;
			sourceTree = "<group>";
		};
/* End PBXVariantGroup section */

/* Begin XCBuildConfiguration section */
		21A4B924172C284E00E1FACA /* Debug */ = {
			isa = XCBuildConfiguration;
			buildSettings = {
				ALWAYS_SEARCH_USER_PATHS = NO;
				CLANG_CXX_LANGUAGE_STANDARD = "gnu++0x";
				CLANG_CXX_LIBRARY = "libc++";
				CLANG_ENABLE_OBJC_ARC = YES;
				CLANG_WARN_EMPTY_BODY = YES;
				CLANG_WARN__DUPLICATE_METHOD_MATCH = YES;
				"CODE_SIGN_IDENTITY[sdk=iphoneos*]" = "iPhone Developer";
				COPY_PHASE_STRIP = NO;
				GCC_C_LANGUAGE_STANDARD = gnu99;
				GCC_DYNAMIC_NO_PIC = NO;
				GCC_OPTIMIZATION_LEVEL = 0;
				GCC_PREPROCESSOR_DEFINITIONS = (
					"DEBUG=1",
					"$(inherited)",
				);
				GCC_SYMBOLS_PRIVATE_EXTERN = NO;
				GCC_WARN_ABOUT_RETURN_TYPE = YES;
				GCC_WARN_UNINITIALIZED_AUTOS = YES;
				GCC_WARN_UNUSED_VARIABLE = YES;
				IPHONEOS_DEPLOYMENT_TARGET = 6.0;
				ONLY_ACTIVE_ARCH = YES;
				SDKROOT = iphoneos;
			};
			name = Debug;
		};
		21A4B925172C284E00E1FACA /* Release */ = {
			isa = XCBuildConfiguration;
			buildSettings = {
				ALWAYS_SEARCH_USER_PATHS = NO;
				CLANG_CXX_LANGUAGE_STANDARD = "gnu++0x";
				CLANG_CXX_LIBRARY = "libc++";
				CLANG_ENABLE_OBJC_ARC = YES;
				CLANG_WARN_EMPTY_BODY = YES;
				CLANG_WARN__DUPLICATE_METHOD_MATCH = YES;
				"CODE_SIGN_IDENTITY[sdk=iphoneos*]" = "iPhone Developer";
				COPY_PHASE_STRIP = YES;
				GCC_C_LANGUAGE_STANDARD = gnu99;
				GCC_WARN_ABOUT_RETURN_TYPE = YES;
				GCC_WARN_UNINITIALIZED_AUTOS = YES;
				GCC_WARN_UNUSED_VARIABLE = YES;
				IPHONEOS_DEPLOYMENT_TARGET = 6.0;
				OTHER_CFLAGS = "-DNS_BLOCK_ASSERTIONS=1";
				SDKROOT = iphoneos;
				VALIDATE_PRODUCT = YES;
			};
			name = Release;
		};
		21A4B927172C284E00E1FACA /* Debug */ = {
			isa = XCBuildConfiguration;
			buildSettings = {
				GCC_PRECOMPILE_PREFIX_HEADER = YES;
				GCC_PREFIX_HEADER = "ucimusic147-6/ucimusic147-6-Prefix.pch";
				INFOPLIST_FILE = "ucimusic147-6/ucimusic147-6-Info.plist";
				IPHONEOS_DEPLOYMENT_TARGET = 4.3;
				PRODUCT_NAME = "$(TARGET_NAME)";
				WRAPPER_EXTENSION = app;
			};
			name = Debug;
		};
		21A4B928172C284E00E1FACA /* Release */ = {
			isa = XCBuildConfiguration;
			buildSettings = {
				GCC_PRECOMPILE_PREFIX_HEADER = YES;
				GCC_PREFIX_HEADER = "ucimusic147-6/ucimusic147-6-Prefix.pch";
				INFOPLIST_FILE = "ucimusic147-6/ucimusic147-6-Info.plist";
				IPHONEOS_DEPLOYMENT_TARGET = 4.3;
				PRODUCT_NAME = "$(TARGET_NAME)";
				WRAPPER_EXTENSION = app;
			};
			name = Release;
		};
/* End XCBuildConfiguration section */

/* Begin XCConfigurationList section */
		21A4B8FC172C284E00E1FACA /* Build configuration list for PBXProject "ucimusic147-6" */ = {
			isa = XCConfigurationList;
			buildConfigurations = (
				21A4B924172C284E00E1FACA /* Debug */,
				21A4B925172C284E00E1FACA /* Release */,
			);
			defaultConfigurationIsVisible = 0;
			defaultConfigurationName = Release;
		};
		21A4B926172C284E00E1FACA /* Build configuration list for PBXNativeTarget "ucimusic147-6" */ = {
			isa = XCConfigurationList;
			buildConfigurations = (
				21A4B927172C284E00E1FACA /* Debug */,
				21A4B928172C284E00E1FACA /* Release */,
			);
			defaultConfigurationIsVisible = 0;
			defaultConfigurationName = Release;
		};
/* End XCConfigurationList section */
	};
	rootObject = 21A4B8F9172C284E00E1FACA /* Project object */;
}
